
Microsoft Visual Studio Solution File, Format Version 12.00
# Visual Studio 2013
VisualStudioVersion = 12.0.40629.0
MinimumVisualStudioVersion = 10.0.40219.1
Project("{FAE04EC0-301F-11D3-BF4B-00C04F79EFBC}") = "FilterConditional", "FilterConditional\FilterConditional.csproj", "{CCFEFDFD-E5CC-43C7-AC9E-130FF1AE21E8}"
EndProject
Project("{FAE04EC0-301F-11D3-BF4B-00C04F79EFBC}") = "TestFilter", "TestFilter\TestFilter.csproj", "{5ADF1FAA-8C1E-44D0-AB75-0F93D213924A}"
EndProject
Global
	GlobalSection(SolutionConfigurationPlatforms) = preSolution
		Debug|Any CPU = Debug|Any CPU
		Release|Any CPU = Release|Any CPU
	EndGlobalSection
	GlobalSection(ProjectConfigurationPlatforms) = postSolution
		{CCFEFDFD-E5CC-43C7-AC9E-130FF1AE21E8}.Debug|Any CPU.ActiveCfg = Debug|Any CPU
		{CCFEFDFD-E5CC-43C7-AC9E-130FF1AE21E8}.Debug|Any CPU.Build.0 = Debug|Any CPU
		{CCFEFDFD-E5CC-43C7-AC9E-130FF1AE21E8}.Release|Any CPU.ActiveCfg = Release|Any CPU
		{CCFEFDFD-E5CC-43C7-AC9E-130FF1AE21E8}.Release|Any CPU.Build.0 = Release|Any CPU
		{5ADF1FAA-8C1E-44D0-AB75-0F93D213924A}.Debug|Any CPU.ActiveCfg = Debug|Any CPU
		{5ADF1FAA-8C1E-44D0-AB75-0F93D213924A}.Debug|Any CPU.Build.0 = Debug|Any CPU
		{5ADF1FAA-8C1E-44D0-AB75-0F93D213924A}.Release|Any CPU.ActiveCfg = Release|Any CPU
		{5ADF1FAA-8C1E-44D0-AB75-0F93D213924A}.Release|Any CPU.Build.0 = Release|Any CPU
	EndGlobalSection
	GlobalSection(SolutionProperties) = preSolution
		HideSolutionNode = FALSE
	EndGlobalSection
EndGlobal
